
Microsoft Visual Studio Solution File, Format Version 12.00
# Visual Studio Version 17
VisualStudioVersion = 17.13.35931.197
MinimumVisualStudioVersion = 10.0.40219.1
Project("{FAE04EC0-301F-11D3-BF4B-00C04F79EFBC}") = "Chatty.Api", "Chatty.Api\Chatty.Api.csproj", "{7816004E-D734-4A9A-8388-D0619C224F8E}"
EndProject
Project("{2150E333-8FDC-42A3-9474-1A3956D46DE8}") = "Chatty.UI", "Chatty.UI", "{02EA681E-C7D8-13C7-8484-4AC65E1B71E8}"
	ProjectSection(SolutionItems) = preProject
		Chatty.UI\agent-login.html = Chatty.UI\agent-login.html
		Chatty.UI\agent.html = Chatty.UI\agent.html
		Chatty.UI\chat-widget.js = Chatty.UI\chat-widget.js
		Chatty.UI\Test.html = Chatty.UI\Test.html
	EndProjectSection
EndProject
Global
	GlobalSection(SolutionConfigurationPlatforms) = preSolution
		Debug|Any CPU = Debug|Any CPU
		Release|Any CPU = Release|Any CPU
	EndGlobalSection
	GlobalSection(ProjectConfigurationPlatforms) = postSolution
		{7816004E-D734-4A9A-8388-D0619C224F8E}.Debug|Any CPU.ActiveCfg = Debug|Any CPU
		{7816004E-D734-4A9A-8388-D0619C224F8E}.Debug|Any CPU.Build.0 = Debug|Any CPU
		{7816004E-D734-4A9A-8388-D0619C224F8E}.Release|Any CPU.ActiveCfg = Release|Any CPU
		{7816004E-D734-4A9A-8388-D0619C224F8E}.Release|Any CPU.Build.0 = Release|Any CPU
	EndGlobalSection
	GlobalSection(SolutionProperties) = preSolution
		HideSolutionNode = FALSE
	EndGlobalSection
	GlobalSection(ExtensibilityGlobals) = postSolution
		SolutionGuid = {CF701C63-DF8F-48DC-BDAC-918981A45E08}
	EndGlobalSection
EndGlobal
